
Microsoft Visual Studio Solution File, Format Version 12.00
# Visual Studio 15
Project("{FAE04EC0-301F-11D3-BF4B-00C04F79EFBC}") = "Unity.Timeline", "Unity.Timeline.csproj", "{92D1BB00-3CAE-8684-E88D-00341590001F}"
EndProject
Project("{FAE04EC0-301F-11D3-BF4B-00C04F79EFBC}") = "Unity.Timeline.Editor", "Unity.Timeline.Editor.csproj", "{1370B522-D1FA-5DF1-E9C4-5CC6105B79C4}"
EndProject
Project("{FAE04EC0-301F-11D3-BF4B-00C04F79EFBC}") = "Unity.TextMeshPro.Editor", "Unity.TextMeshPro.Editor.csproj", "{ECC6DC16-0D40-9394-0C4B-D6EB21C2F64F}"
EndProject
Project("{FAE04EC0-301F-11D3-BF4B-00C04F79EFBC}") = "Unity.PlasticSCM.Editor", "Unity.PlasticSCM.Editor.csproj", "{98A2D806-15B0-6213-8437-372D931BC8D4}"
EndProject
Project("{FAE04EC0-301F-11D3-BF4B-00C04F79EFBC}") = "Unity.VisualScripting.Flow", "Unity.VisualScripting.Flow.csproj", "{961E57EB-A7B8-C7FB-4724-3EE1BA3D16F3}"
EndProject
Project("{FAE04EC0-301F-11D3-BF4B-00C04F79EFBC}") = "UnityEditor.UI", "UnityEditor.UI.csproj", "{476E8161-D520-6348-1C97-3998255667AE}"
EndProject
Project("{FAE04EC0-301F-11D3-BF4B-00C04F79EFBC}") = "UnityEngine.TestRunner", "UnityEngine.TestRunner.csproj", "{2B61FEC5-F6DD-ECD4-C749-AE65AD569EA9}"
EndProject
Project("{FAE04EC0-301F-11D3-BF4B-00C04F79EFBC}") = "Unity.Sentis", "Unity.Sentis.csproj", "{B8B053AC-2E93-859F-57FA-3D4FB6C923B6}"
EndProject
Project("{FAE04EC0-301F-11D3-BF4B-00C04F79EFBC}") = "Unity.VisualScripting.Core", "Unity.VisualScripting.Core.csproj", "{7D30B376-54FC-38C1-4963-28DD86A25D35}"
EndProject
Project("{FAE04EC0-301F-11D3-BF4B-00C04F79EFBC}") = "Unity.Mathematics", "Unity.Mathematics.csproj", "{E449966B-8C8A-33E2-13A8-292A922EB3DE}"
EndProject
Project("{FAE04EC0-301F-11D3-BF4B-00C04F79EFBC}") = "Unity.ML-Agents", "Unity.ML-Agents.csproj", "{0CC440F4-7636-1E23-8716-31CCB0D1DD18}"
EndProject
Project("{FAE04EC0-301F-11D3-BF4B-00C04F79EFBC}") = "Unity.VisualScripting.Core.Editor", "Unity.VisualScripting.Core.Editor.csproj", "{EB3B0140-45A3-7E07-0C19-B11BB7AD7639}"
EndProject
Project("{FAE04EC0-301F-11D3-BF4B-00C04F79EFBC}") = "Unity.Collections", "Unity.Collections.csproj", "{572E2E88-AD20-4C28-0B61-2C74FDC44EB4}"
EndProject
Project("{FAE04EC0-301F-11D3-BF4B-00C04F79EFBC}") = "Unity.VisualScripting.Flow.Editor", "Unity.VisualScripting.Flow.Editor.csproj", "{0568A005-8808-709E-1407-AC71ED974884}"
EndProject
Project("{FAE04EC0-301F-11D3-BF4B-00C04F79EFBC}") = "UnityEditor.TestRunner", "UnityEditor.TestRunner.csproj", "{E063C6AF-B316-001E-4EE3-36E62D5E59AA}"
EndProject
Project("{FAE04EC0-301F-11D3-BF4B-00C04F79EFBC}") = "Unity.VisualScripting.SettingsProvider.Editor", "Unity.VisualScripting.SettingsProvider.Editor.csproj", "{EA2E4DB0-AA3D-7018-66B6-ECCC1C0EFFC8}"
EndProject
Project("{FAE04EC0-301F-11D3-BF4B-00C04F79EFBC}") = "Unity.PerformanceTesting.Editor", "Unity.PerformanceTesting.Editor.csproj", "{631B24A0-7D55-D468-092A-B8968DF12F07}"
EndProject
Project("{FAE04EC0-301F-11D3-BF4B-00C04F79EFBC}") = "Unity.Recorder.Editor", "Unity.Recorder.Editor.csproj", "{C8F01E69-1085-BC2A-13AB-665965BD8E1E}"
EndProject
Project("{FAE04EC0-301F-11D3-BF4B-00C04F79EFBC}") = "Unity.Burst", "Unity.Burst.csproj", "{173D2D51-441D-6746-2DBA-F7ABA459980C}"
EndProject
Project("{FAE04EC0-301F-11D3-BF4B-00C04F79EFBC}") = "UnityEngine.UI", "UnityEngine.UI.csproj", "{7B7026F8-2405-FEC5-48CC-A9489A8E5543}"
EndProject
Project("{FAE04EC0-301F-11D3-BF4B-00C04F79EFBC}") = "Unity.AI.Navigation.Editor", "Unity.AI.Navigation.Editor.csproj", "{2C447210-2F0F-D04C-F017-C40ADE457379}"
EndProject
Project("{FAE04EC0-301F-11D3-BF4B-00C04F79EFBC}") = "Unity.VisualStudio.Editor", "Unity.VisualStudio.Editor.csproj", "{0D344BCD-ACA2-EBB3-949F-9C958DEDA15C}"
EndProject
Project("{FAE04EC0-301F-11D3-BF4B-00C04F79EFBC}") = "Unity.PerformanceTesting", "Unity.PerformanceTesting.csproj", "{B5B80F5F-2A8E-D56E-FB68-5282576B03C9}"
EndProject
Project("{FAE04EC0-301F-11D3-BF4B-00C04F79EFBC}") = "Unity.TestTools.CodeCoverage.Editor.OpenCover.Model", "Unity.TestTools.CodeCoverage.Editor.OpenCover.Model.csproj", "{64E3B418-3E2C-0B89-5C69-4DD796176B2E}"
EndProject
Project("{FAE04EC0-301F-11D3-BF4B-00C04F79EFBC}") = "Unity.Rider.Editor", "Unity.Rider.Editor.csproj", "{CD01FA84-9E90-6811-64B5-DE6DC13C1119}"
EndProject
Project("{FAE04EC0-301F-11D3-BF4B-00C04F79EFBC}") = "Unity.ML-Agents.CommunicatorObjects", "Unity.ML-Agents.CommunicatorObjects.csproj", "{71EF3EDD-CB25-9ED9-0D95-4B95CE2BFCE2}"
EndProject
Project("{FAE04EC0-301F-11D3-BF4B-00C04F79EFBC}") = "Unity.AI.Navigation", "Unity.AI.Navigation.csproj", "{9C5A94C9-73F6-2EA3-3289-2510A2F6FD14}"
EndProject
Project("{FAE04EC0-301F-11D3-BF4B-00C04F79EFBC}") = "Unity.CollabProxy.Editor", "Unity.CollabProxy.Editor.csproj", "{44A622C7-1639-3FFB-699C-71EBC66754F9}"
EndProject
Project("{FAE04EC0-301F-11D3-BF4B-00C04F79EFBC}") = "Unity.AI.Navigation.Editor.ConversionSystem", "Unity.AI.Navigation.Editor.ConversionSystem.csproj", "{DD25357B-1E11-5551-347B-144255F6808A}"
EndProject
Project("{FAE04EC0-301F-11D3-BF4B-00C04F79EFBC}") = "Unity.VisualScripting.State.Editor", "Unity.VisualScripting.State.Editor.csproj", "{7045DAD0-69A8-877A-E534-C407FECDC355}"
EndProject
Project("{FAE04EC0-301F-11D3-BF4B-00C04F79EFBC}") = "Unity.TestTools.CodeCoverage.Editor", "Unity.TestTools.CodeCoverage.Editor.csproj", "{1E653393-7046-65F3-9A56-4B96BFB73D99}"
EndProject
Project("{FAE04EC0-301F-11D3-BF4B-00C04F79EFBC}") = "Unity.Burst.CodeGen", "Unity.Burst.CodeGen.csproj", "{83F66124-1ABE-0A8D-DAC2-BFD45741E668}"
EndProject
Project("{FAE04EC0-301F-11D3-BF4B-00C04F79EFBC}") = "Unity.Sentis.ONNX", "Unity.Sentis.ONNX.csproj", "{A5E4B55B-0CED-E449-86FA-4B5ADB03A73C}"
EndProject
Project("{FAE04EC0-301F-11D3-BF4B-00C04F79EFBC}") = "Unity.Sentis.MacBLAS", "Unity.Sentis.MacBLAS.csproj", "{564C707A-6BEF-8B62-1B0E-6948892550FA}"
EndProject
Project("{FAE04EC0-301F-11D3-BF4B-00C04F79EFBC}") = "Unity.VisualScripting.State", "Unity.VisualScripting.State.csproj", "{17F00FE8-602F-8460-A142-68716F33D110}"
EndProject
Project("{FAE04EC0-301F-11D3-BF4B-00C04F79EFBC}") = "Unity.TextMeshPro", "Unity.TextMeshPro.csproj", "{9DFFA796-ECC9-F1D4-5368-7E7BD4DEE9C9}"
EndProject
Project("{FAE04EC0-301F-11D3-BF4B-00C04F79EFBC}") = "Unity.Performance.Profile-Analyzer.Editor", "Unity.Performance.Profile-Analyzer.Editor.csproj", "{7A7FED7B-759A-37E9-BD15-FE10E8BFC8E6}"
EndProject
Project("{FAE04EC0-301F-11D3-BF4B-00C04F79EFBC}") = "Unity.ML-Agents.Editor", "Unity.ML-Agents.Editor.csproj", "{2C2BCB1E-2438-1EC5-D91F-06FD6E9EB784}"
EndProject
Project("{FAE04EC0-301F-11D3-BF4B-00C04F79EFBC}") = "Unity.VSCode.Editor", "Unity.VSCode.Editor.csproj", "{BDB73509-1DC9-C083-5DA4-09E9F7C1FF1C}"
EndProject
Project("{FAE04EC0-301F-11D3-BF4B-00C04F79EFBC}") = "Unity.Burst.Editor", "Unity.Burst.Editor.csproj", "{F2AE78D7-4807-E16E-3DF6-D7D762B5CEC2}"
EndProject
Project("{FAE04EC0-301F-11D3-BF4B-00C04F79EFBC}") = "Unity.TestTools.CodeCoverage.Editor.OpenCover.Mono.Reflection", "Unity.TestTools.CodeCoverage.Editor.OpenCover.Mono.Reflection.csproj", "{13AE4EDF-1627-C3D6-BC2C-09E36EC2EA9F}"
EndProject
Project("{FAE04EC0-301F-11D3-BF4B-00C04F79EFBC}") = "Unity.Sentis.iOSBLAS", "Unity.Sentis.iOSBLAS.csproj", "{469F8354-016A-A2FB-328C-CA93CF017353}"
EndProject
Project("{FAE04EC0-301F-11D3-BF4B-00C04F79EFBC}") = "Unity.AI.Navigation.Updater", "Unity.AI.Navigation.Updater.csproj", "{07F5A626-4BD2-58C4-27E9-FCB53FF743B5}"
EndProject
Project("{FAE04EC0-301F-11D3-BF4B-00C04F79EFBC}") = "Unity.Settings.Editor", "Unity.Settings.Editor.csproj", "{747B9F16-3145-B80E-ACA8-169A3866AA74}"
EndProject
Project("{FAE04EC0-301F-11D3-BF4B-00C04F79EFBC}") = "Unity.Sentis.Editor", "Unity.Sentis.Editor.csproj", "{9F980E04-D5DB-6C91-7756-112A44062187}"
EndProject
Project("{FAE04EC0-301F-11D3-BF4B-00C04F79EFBC}") = "Unity.Recorder", "Unity.Recorder.csproj", "{A868012A-D918-E3FE-DCA4-22CF6AF779B6}"
EndProject
Project("{FAE04EC0-301F-11D3-BF4B-00C04F79EFBC}") = "Assembly-CSharp", "Assembly-CSharp.csproj", "{1A5FD3B1-E0B8-8B25-2575-BCAF1A50DB84}"
EndProject
Project("{FAE04EC0-301F-11D3-BF4B-00C04F79EFBC}") = "Unity.EditorCoroutines.Editor", "Unity.EditorCoroutines.Editor.csproj", "{8E14151C-F02F-0C03-1285-96263F776CB0}"
EndProject
Project("{FAE04EC0-301F-11D3-BF4B-00C04F79EFBC}") = "Unity.Collections.CodeGen", "Unity.Collections.CodeGen.csproj", "{F18F41A8-2271-DCA8-5D86-3DE3FFA72852}"
EndProject
Project("{FAE04EC0-301F-11D3-BF4B-00C04F79EFBC}") = "Unity.Mathematics.Editor", "Unity.Mathematics.Editor.csproj", "{46295572-6C2D-7816-6EB9-771AC577890B}"
EndProject
Project("{FAE04EC0-301F-11D3-BF4B-00C04F79EFBC}") = "Unity.Collections.Editor", "Unity.Collections.Editor.csproj", "{D455FFAF-0922-3948-AEAD-F90706E12A92}"
EndProject
Project("{FAE04EC0-301F-11D3-BF4B-00C04F79EFBC}") = "Unity.VisualScripting.Shared.Editor", "Unity.VisualScripting.Shared.Editor.csproj", "{6D8F6A5A-793B-8225-72EF-C4A9031D385C}"
EndProject
Project("{FAE04EC0-301F-11D3-BF4B-00C04F79EFBC}") = "Unity.Recorder.Base", "Unity.Recorder.Base.csproj", "{1D7019D1-6FF4-DEC2-F813-9449B6A9EE4C}"
EndProject
Global
	GlobalSection(SolutionConfigurationPlatforms) = preSolution
		Debug|Any CPU = Debug|Any CPU
		Release|Any CPU = Release|Any CPU
	EndGlobalSection
	GlobalSection(ProjectConfigurationPlatforms) = postSolution
		{92D1BB00-3CAE-8684-E88D-00341590001F}.Debug|Any CPU.ActiveCfg = Debug|Any CPU
		{92D1BB00-3CAE-8684-E88D-00341590001F}.Debug|Any CPU.Build.0 = Debug|Any CPU
		{92D1BB00-3CAE-8684-E88D-00341590001F}.Release|Any CPU.ActiveCfg = Release|Any CPU
		{92D1BB00-3CAE-8684-E88D-00341590001F}.Release|Any CPU.Build.0 = Release|Any CPU
		{1370B522-D1FA-5DF1-E9C4-5CC6105B79C4}.Debug|Any CPU.ActiveCfg = Debug|Any CPU
		{1370B522-D1FA-5DF1-E9C4-5CC6105B79C4}.Debug|Any CPU.Build.0 = Debug|Any CPU
		{1370B522-D1FA-5DF1-E9C4-5CC6105B79C4}.Release|Any CPU.ActiveCfg = Release|Any CPU
		{1370B522-D1FA-5DF1-E9C4-5CC6105B79C4}.Release|Any CPU.Build.0 = Release|Any CPU
		{ECC6DC16-0D40-9394-0C4B-D6EB21C2F64F}.Debug|Any CPU.ActiveCfg = Debug|Any CPU
		{ECC6DC16-0D40-9394-0C4B-D6EB21C2F64F}.Debug|Any CPU.Build.0 = Debug|Any CPU
		{ECC6DC16-0D40-9394-0C4B-D6EB21C2F64F}.Release|Any CPU.ActiveCfg = Release|Any CPU
		{ECC6DC16-0D40-9394-0C4B-D6EB21C2F64F}.Release|Any CPU.Build.0 = Release|Any CPU
		{98A2D806-15B0-6213-8437-372D931BC8D4}.Debug|Any CPU.ActiveCfg = Debug|Any CPU
		{98A2D806-15B0-6213-8437-372D931BC8D4}.Debug|Any CPU.Build.0 = Debug|Any CPU
		{98A2D806-15B0-6213-8437-372D931BC8D4}.Release|Any CPU.ActiveCfg = Release|Any CPU
		{98A2D806-15B0-6213-8437-372D931BC8D4}.Release|Any CPU.Build.0 = Release|Any CPU
		{961E57EB-A7B8-C7FB-4724-3EE1BA3D16F3}.Debug|Any CPU.ActiveCfg = Debug|Any CPU
		{961E57EB-A7B8-C7FB-4724-3EE1BA3D16F3}.Debug|Any CPU.Build.0 = Debug|Any CPU
		{961E57EB-A7B8-C7FB-4724-3EE1BA3D16F3}.Release|Any CPU.ActiveCfg = Release|Any CPU
		{961E57EB-A7B8-C7FB-4724-3EE1BA3D16F3}.Release|Any CPU.Build.0 = Release|Any CPU
		{476E8161-D520-6348-1C97-3998255667AE}.Debug|Any CPU.ActiveCfg = Debug|Any CPU
		{476E8161-D520-6348-1C97-3998255667AE}.Debug|Any CPU.Build.0 = Debug|Any CPU
		{476E8161-D520-6348-1C97-3998255667AE}.Release|Any CPU.ActiveCfg = Release|Any CPU
		{476E8161-D520-6348-1C97-3998255667AE}.Release|Any CPU.Build.0 = Release|Any CPU
		{2B61FEC5-F6DD-ECD4-C749-AE65AD569EA9}.Debug|Any CPU.ActiveCfg = Debug|Any CPU
		{2B61FEC5-F6DD-ECD4-C749-AE65AD569EA9}.Debug|Any CPU.Build.0 = Debug|Any CPU
		{2B61FEC5-F6DD-ECD4-C749-AE65AD569EA9}.Release|Any CPU.ActiveCfg = Release|Any CPU
		{2B61FEC5-F6DD-ECD4-C749-AE65AD569EA9}.Release|Any CPU.Build.0 = Release|Any CPU
		{B8B053AC-2E93-859F-57FA-3D4FB6C923B6}.Debug|Any CPU.ActiveCfg = Debug|Any CPU
		{B8B053AC-2E93-859F-57FA-3D4FB6C923B6}.Debug|Any CPU.Build.0 = Debug|Any CPU
		{B8B053AC-2E93-859F-57FA-3D4FB6C923B6}.Release|Any CPU.ActiveCfg = Release|Any CPU
		{B8B053AC-2E93-859F-57FA-3D4FB6C923B6}.Release|Any CPU.Build.0 = Release|Any CPU
		{7D30B376-54FC-38C1-4963-28DD86A25D35}.Debug|Any CPU.ActiveCfg = Debug|Any CPU
		{7D30B376-54FC-38C1-4963-28DD86A25D35}.Debug|Any CPU.Build.0 = Debug|Any CPU
		{7D30B376-54FC-38C1-4963-28DD86A25D35}.Release|Any CPU.ActiveCfg = Release|Any CPU
		{7D30B376-54FC-38C1-4963-28DD86A25D35}.Release|Any CPU.Build.0 = Release|Any CPU
		{E449966B-8C8A-33E2-13A8-292A922EB3DE}.Debug|Any CPU.ActiveCfg = Debug|Any CPU
		{E449966B-8C8A-33E2-13A8-292A922EB3DE}.Debug|Any CPU.Build.0 = Debug|Any CPU
		{E449966B-8C8A-33E2-13A8-292A922EB3DE}.Release|Any CPU.ActiveCfg = Release|Any CPU
		{E449966B-8C8A-33E2-13A8-292A922EB3DE}.Release|Any CPU.Build.0 = Release|Any CPU
		{0CC440F4-7636-1E23-8716-31CCB0D1DD18}.Debug|Any CPU.ActiveCfg = Debug|Any CPU
		{0CC440F4-7636-1E23-8716-31CCB0D1DD18}.Debug|Any CPU.Build.0 = Debug|Any CPU
		{0CC440F4-7636-1E23-8716-31CCB0D1DD18}.Release|Any CPU.ActiveCfg = Release|Any CPU
		{0CC440F4-7636-1E23-8716-31CCB0D1DD18}.Release|Any CPU.Build.0 = Release|Any CPU
		{EB3B0140-45A3-7E07-0C19-B11BB7AD7639}.Debug|Any CPU.ActiveCfg = Debug|Any CPU
		{EB3B0140-45A3-7E07-0C19-B11BB7AD7639}.Debug|Any CPU.Build.0 = Debug|Any CPU
		{EB3B0140-45A3-7E07-0C19-B11BB7AD7639}.Release|Any CPU.ActiveCfg = Release|Any CPU
		{EB3B0140-45A3-7E07-0C19-B11BB7AD7639}.Release|Any CPU.Build.0 = Release|Any CPU
		{572E2E88-AD20-4C28-0B61-2C74FDC44EB4}.Debug|Any CPU.ActiveCfg = Debug|Any CPU
		{572E2E88-AD20-4C28-0B61-2C74FDC44EB4}.Debug|Any CPU.Build.0 = Debug|Any CPU
		{572E2E88-AD20-4C28-0B61-2C74FDC44EB4}.Release|Any CPU.ActiveCfg = Release|Any CPU
		{572E2E88-AD20-4C28-0B61-2C74FDC44EB4}.Release|Any CPU.Build.0 = Release|Any CPU
		{0568A005-8808-709E-1407-AC71ED974884}.Debug|Any CPU.ActiveCfg = Debug|Any CPU
		{0568A005-8808-709E-1407-AC71ED974884}.Debug|Any CPU.Build.0 = Debug|Any CPU
		{0568A005-8808-709E-1407-AC71ED974884}.Release|Any CPU.ActiveCfg = Release|Any CPU
		{0568A005-8808-709E-1407-AC71ED974884}.Release|Any CPU.Build.0 = Release|Any CPU
		{E063C6AF-B316-001E-4EE3-36E62D5E59AA}.Debug|Any CPU.ActiveCfg = Debug|Any CPU
		{E063C6AF-B316-001E-4EE3-36E62D5E59AA}.Debug|Any CPU.Build.0 = Debug|Any CPU
		{E063C6AF-B316-001E-4EE3-36E62D5E59AA}.Release|Any CPU.ActiveCfg = Release|Any CPU
		{E063C6AF-B316-001E-4EE3-36E62D5E59AA}.Release|Any CPU.Build.0 = Release|Any CPU
		{EA2E4DB0-AA3D-7018-66B6-ECCC1C0EFFC8}.Debug|Any CPU.ActiveCfg = Debug|Any CPU
		{EA2E4DB0-AA3D-7018-66B6-ECCC1C0EFFC8}.Debug|Any CPU.Build.0 = Debug|Any CPU
		{EA2E4DB0-AA3D-7018-66B6-ECCC1C0EFFC8}.Release|Any CPU.ActiveCfg = Release|Any CPU
		{EA2E4DB0-AA3D-7018-66B6-ECCC1C0EFFC8}.Release|Any CPU.Build.0 = Release|Any CPU
		{631B24A0-7D55-D468-092A-B8968DF12F07}.Debug|Any CPU.ActiveCfg = Debug|Any CPU
		{631B24A0-7D55-D468-092A-B8968DF12F07}.Debug|Any CPU.Build.0 = Debug|Any CPU
		{631B24A0-7D55-D468-092A-B8968DF12F07}.Release|Any CPU.ActiveCfg = Release|Any CPU
		{631B24A0-7D55-D468-092A-B8968DF12F07}.Release|Any CPU.Build.0 = Release|Any CPU
		{C8F01E69-1085-BC2A-13AB-665965BD8E1E}.Debug|Any CPU.ActiveCfg = Debug|Any CPU
		{C8F01E69-1085-BC2A-13AB-665965BD8E1E}.Debug|Any CPU.Build.0 = Debug|Any CPU
		{C8F01E69-1085-BC2A-13AB-665965BD8E1E}.Release|Any CPU.ActiveCfg = Release|Any CPU
		{C8F01E69-1085-BC2A-13AB-665965BD8E1E}.Release|Any CPU.Build.0 = Release|Any CPU
		{173D2D51-441D-6746-2DBA-F7ABA459980C}.Debug|Any CPU.ActiveCfg = Debug|Any CPU
		{173D2D51-441D-6746-2DBA-F7ABA459980C}.Debug|Any CPU.Build.0 = Debug|Any CPU
		{173D2D51-441D-6746-2DBA-F7ABA459980C}.Release|Any CPU.ActiveCfg = Release|Any CPU
		{173D2D51-441D-6746-2DBA-F7ABA459980C}.Release|Any CPU.Build.0 = Release|Any CPU
		{7B7026F8-2405-FEC5-48CC-A9489A8E5543}.Debug|Any CPU.ActiveCfg = Debug|Any CPU
		{7B7026F8-2405-FEC5-48CC-A9489A8E5543}.Debug|Any CPU.Build.0 = Debug|Any CPU
		{7B7026F8-2405-FEC5-48CC-A9489A8E5543}.Release|Any CPU.ActiveCfg = Release|Any CPU
		{7B7026F8-2405-FEC5-48CC-A9489A8E5543}.Release|Any CPU.Build.0 = Release|Any CPU
		{2C447210-2F0F-D04C-F017-C40ADE457379}.Debug|Any CPU.ActiveCfg = Debug|Any CPU
		{2C447210-2F0F-D04C-F017-C40ADE457379}.Debug|Any CPU.Build.0 = Debug|Any CPU
		{2C447210-2F0F-D04C-F017-C40ADE457379}.Release|Any CPU.ActiveCfg = Release|Any CPU
		{2C447210-2F0F-D04C-F017-C40ADE457379}.Release|Any CPU.Build.0 = Release|Any CPU
		{0D344BCD-ACA2-EBB3-949F-9C958DEDA15C}.Debug|Any CPU.ActiveCfg = Debug|Any CPU
		{0D344BCD-ACA2-EBB3-949F-9C958DEDA15C}.Debug|Any CPU.Build.0 = Debug|Any CPU
		{0D344BCD-ACA2-EBB3-949F-9C958DEDA15C}.Release|Any CPU.ActiveCfg = Release|Any CPU
		{0D344BCD-ACA2-EBB3-949F-9C958DEDA15C}.Release|Any CPU.Build.0 = Release|Any CPU
		{B5B80F5F-2A8E-D56E-FB68-5282576B03C9}.Debug|Any CPU.ActiveCfg = Debug|Any CPU
		{B5B80F5F-2A8E-D56E-FB68-5282576B03C9}.Debug|Any CPU.Build.0 = Debug|Any CPU
		{B5B80F5F-2A8E-D56E-FB68-5282576B03C9}.Release|Any CPU.ActiveCfg = Release|Any CPU
		{B5B80F5F-2A8E-D56E-FB68-5282576B03C9}.Release|Any CPU.Build.0 = Release|Any CPU
		{64E3B418-3E2C-0B89-5C69-4DD796176B2E}.Debug|Any CPU.ActiveCfg = Debug|Any CPU
		{64E3B418-3E2C-0B89-5C69-4DD796176B2E}.Debug|Any CPU.Build.0 = Debug|Any CPU
		{64E3B418-3E2C-0B89-5C69-4DD796176B2E}.Release|Any CPU.ActiveCfg = Release|Any CPU
		{64E3B418-3E2C-0B89-5C69-4DD796176B2E}.Release|Any CPU.Build.0 = Release|Any CPU
		{CD01FA84-9E90-6811-64B5-DE6DC13C1119}.Debug|Any CPU.ActiveCfg = Debug|Any CPU
		{CD01FA84-9E90-6811-64B5-DE6DC13C1119}.Debug|Any CPU.Build.0 = Debug|Any CPU
		{CD01FA84-9E90-6811-64B5-DE6DC13C1119}.Release|Any CPU.ActiveCfg = Release|Any CPU
		{CD01FA84-9E90-6811-64B5-DE6DC13C1119}.Release|Any CPU.Build.0 = Release|Any CPU
		{71EF3EDD-CB25-9ED9-0D95-4B95CE2BFCE2}.Debug|Any CPU.ActiveCfg = Debug|Any CPU
		{71EF3EDD-CB25-9ED9-0D95-4B95CE2BFCE2}.Debug|Any CPU.Build.0 = Debug|Any CPU
		{71EF3EDD-CB25-9ED9-0D95-4B95CE2BFCE2}.Release|Any CPU.ActiveCfg = Release|Any CPU
		{71EF3EDD-CB25-9ED9-0D95-4B95CE2BFCE2}.Release|Any CPU.Build.0 = Release|Any CPU
		{9C5A94C9-73F6-2EA3-3289-2510A2F6FD14}.Debug|Any CPU.ActiveCfg = Debug|Any CPU
		{9C5A94C9-73F6-2EA3-3289-2510A2F6FD14}.Debug|Any CPU.Build.0 = Debug|Any CPU
		{9C5A94C9-73F6-2EA3-3289-2510A2F6FD14}.Release|Any CPU.ActiveCfg = Release|Any CPU
		{9C5A94C9-73F6-2EA3-3289-2510A2F6FD14}.Release|Any CPU.Build.0 = Release|Any CPU
		{44A622C7-1639-3FFB-699C-71EBC66754F9}.Debug|Any CPU.ActiveCfg = Debug|Any CPU
		{44A622C7-1639-3FFB-699C-71EBC66754F9}.Debug|Any CPU.Build.0 = Debug|Any CPU
		{44A622C7-1639-3FFB-699C-71EBC66754F9}.Release|Any CPU.ActiveCfg = Release|Any CPU
		{44A622C7-1639-3FFB-699C-71EBC66754F9}.Release|Any CPU.Build.0 = Release|Any CPU
		{DD25357B-1E11-5551-347B-144255F6808A}.Debug|Any CPU.ActiveCfg = Debug|Any CPU
		{DD25357B-1E11-5551-347B-144255F6808A}.Debug|Any CPU.Build.0 = Debug|Any CPU
		{DD25357B-1E11-5551-347B-144255F6808A}.Release|Any CPU.ActiveCfg = Release|Any CPU
		{DD25357B-1E11-5551-347B-144255F6808A}.Release|Any CPU.Build.0 = Release|Any CPU
		{7045DAD0-69A8-877A-E534-C407FECDC355}.Debug|Any CPU.ActiveCfg = Debug|Any CPU
		{7045DAD0-69A8-877A-E534-C407FECDC355}.Debug|Any CPU.Build.0 = Debug|Any CPU
		{7045DAD0-69A8-877A-E534-C407FECDC355}.Release|Any CPU.ActiveCfg = Release|Any CPU
		{7045DAD0-69A8-877A-E534-C407FECDC355}.Release|Any CPU.Build.0 = Release|Any CPU
		{1E653393-7046-65F3-9A56-4B96BFB73D99}.Debug|Any CPU.ActiveCfg = Debug|Any CPU
		{1E653393-7046-65F3-9A56-4B96BFB73D99}.Debug|Any CPU.Build.0 = Debug|Any CPU
		{1E653393-7046-65F3-9A56-4B96BFB73D99}.Release|Any CPU.ActiveCfg = Release|Any CPU
		{1E653393-7046-65F3-9A56-4B96BFB73D99}.Release|Any CPU.Build.0 = Release|Any CPU
		{83F66124-1ABE-0A8D-DAC2-BFD45741E668}.Debug|Any CPU.ActiveCfg = Debug|Any CPU
		{83F66124-1ABE-0A8D-DAC2-BFD45741E668}.Debug|Any CPU.Build.0 = Debug|Any CPU
		{83F66124-1ABE-0A8D-DAC2-BFD45741E668}.Release|Any CPU.ActiveCfg = Release|Any CPU
		{83F66124-1ABE-0A8D-DAC2-BFD45741E668}.Release|Any CPU.Build.0 = Release|Any CPU
		{A5E4B55B-0CED-E449-86FA-4B5ADB03A73C}.Debug|Any CPU.ActiveCfg = Debug|Any CPU
		{A5E4B55B-0CED-E449-86FA-4B5ADB03A73C}.Debug|Any CPU.Build.0 = Debug|Any CPU
		{A5E4B55B-0CED-E449-86FA-4B5ADB03A73C}.Release|Any CPU.ActiveCfg = Release|Any CPU
		{A5E4B55B-0CED-E449-86FA-4B5ADB03A73C}.Release|Any CPU.Build.0 = Release|Any CPU
		{564C707A-6BEF-8B62-1B0E-6948892550FA}.Debug|Any CPU.ActiveCfg = Debug|Any CPU
		{564C707A-6BEF-8B62-1B0E-6948892550FA}.Debug|Any CPU.Build.0 = Debug|Any CPU
		{564C707A-6BEF-8B62-1B0E-6948892550FA}.Release|Any CPU.ActiveCfg = Release|Any CPU
		{564C707A-6BEF-8B62-1B0E-6948892550FA}.Release|Any CPU.Build.0 = Release|Any CPU
		{17F00FE8-602F-8460-A142-68716F33D110}.Debug|Any CPU.ActiveCfg = Debug|Any CPU
		{17F00FE8-602F-8460-A142-68716F33D110}.Debug|Any CPU.Build.0 = Debug|Any CPU
		{17F00FE8-602F-8460-A142-68716F33D110}.Release|Any CPU.ActiveCfg = Release|Any CPU
		{17F00FE8-602F-8460-A142-68716F33D110}.Release|Any CPU.Build.0 = Release|Any CPU
		{9DFFA796-ECC9-F1D4-5368-7E7BD4DEE9C9}.Debug|Any CPU.ActiveCfg = Debug|Any CPU
		{9DFFA796-ECC9-F1D4-5368-7E7BD4DEE9C9}.Debug|Any CPU.Build.0 = Debug|Any CPU
		{9DFFA796-ECC9-F1D4-5368-7E7BD4DEE9C9}.Release|Any CPU.ActiveCfg = Release|Any CPU
		{9DFFA796-ECC9-F1D4-5368-7E7BD4DEE9C9}.Release|Any CPU.Build.0 = Release|Any CPU
		{7A7FED7B-759A-37E9-BD15-FE10E8BFC8E6}.Debug|Any CPU.ActiveCfg = Debug|Any CPU
		{7A7FED7B-759A-37E9-BD15-FE10E8BFC8E6}.Debug|Any CPU.Build.0 = Debug|Any CPU
		{7A7FED7B-759A-37E9-BD15-FE10E8BFC8E6}.Release|Any CPU.ActiveCfg = Release|Any CPU
		{7A7FED7B-759A-37E9-BD15-FE10E8BFC8E6}.Release|Any CPU.Build.0 = Release|Any CPU
		{2C2BCB1E-2438-1EC5-D91F-06FD6E9EB784}.Debug|Any CPU.ActiveCfg = Debug|Any CPU
		{2C2BCB1E-2438-1EC5-D91F-06FD6E9EB784}.Debug|Any CPU.Build.0 = Debug|Any CPU
		{2C2BCB1E-2438-1EC5-D91F-06FD6E9EB784}.Release|Any CPU.ActiveCfg = Release|Any CPU
		{2C2BCB1E-2438-1EC5-D91F-06FD6E9EB784}.Release|Any CPU.Build.0 = Release|Any CPU
		{BDB73509-1DC9-C083-5DA4-09E9F7C1FF1C}.Debug|Any CPU.ActiveCfg = Debug|Any CPU
		{BDB73509-1DC9-C083-5DA4-09E9F7C1FF1C}.Debug|Any CPU.Build.0 = Debug|Any CPU
		{BDB73509-1DC9-C083-5DA4-09E9F7C1FF1C}.Release|Any CPU.ActiveCfg = Release|Any CPU
		{BDB73509-1DC9-C083-5DA4-09E9F7C1FF1C}.Release|Any CPU.Build.0 = Release|Any CPU
		{F2AE78D7-4807-E16E-3DF6-D7D762B5CEC2}.Debug|Any CPU.ActiveCfg = Debug|Any CPU
		{F2AE78D7-4807-E16E-3DF6-D7D762B5CEC2}.Debug|Any CPU.Build.0 = Debug|Any CPU
		{F2AE78D7-4807-E16E-3DF6-D7D762B5CEC2}.Release|Any CPU.ActiveCfg = Release|Any CPU
		{F2AE78D7-4807-E16E-3DF6-D7D762B5CEC2}.Release|Any CPU.Build.0 = Release|Any CPU
		{13AE4EDF-1627-C3D6-BC2C-09E36EC2EA9F}.Debug|Any CPU.ActiveCfg = Debug|Any CPU
		{13AE4EDF-1627-C3D6-BC2C-09E36EC2EA9F}.Debug|Any CPU.Build.0 = Debug|Any CPU
		{13AE4EDF-1627-C3D6-BC2C-09E36EC2EA9F}.Release|Any CPU.ActiveCfg = Release|Any CPU
		{13AE4EDF-1627-C3D6-BC2C-09E36EC2EA9F}.Release|Any CPU.Build.0 = Release|Any CPU
		{469F8354-016A-A2FB-328C-CA93CF017353}.Debug|Any CPU.ActiveCfg = Debug|Any CPU
		{469F8354-016A-A2FB-328C-CA93CF017353}.Debug|Any CPU.Build.0 = Debug|Any CPU
		{469F8354-016A-A2FB-328C-CA93CF017353}.Release|Any CPU.ActiveCfg = Release|Any CPU
		{469F8354-016A-A2FB-328C-CA93CF017353}.Release|Any CPU.Build.0 = Release|Any CPU
		{07F5A626-4BD2-58C4-27E9-FCB53FF743B5}.Debug|Any CPU.ActiveCfg = Debug|Any CPU
		{07F5A626-4BD2-58C4-27E9-FCB53FF743B5}.Debug|Any CPU.Build.0 = Debug|Any CPU
		{07F5A626-4BD2-58C4-27E9-FCB53FF743B5}.Release|Any CPU.ActiveCfg = Release|Any CPU
		{07F5A626-4BD2-58C4-27E9-FCB53FF743B5}.Release|Any CPU.Build.0 = Release|Any CPU
		{747B9F16-3145-B80E-ACA8-169A3866AA74}.Debug|Any CPU.ActiveCfg = Debug|Any CPU
		{747B9F16-3145-B80E-ACA8-169A3866AA74}.Debug|Any CPU.Build.0 = Debug|Any CPU
		{747B9F16-3145-B80E-ACA8-169A3866AA74}.Release|Any CPU.ActiveCfg = Release|Any CPU
		{747B9F16-3145-B80E-ACA8-169A3866AA74}.Release|Any CPU.Build.0 = Release|Any CPU
		{9F980E04-D5DB-6C91-7756-112A44062187}.Debug|Any CPU.ActiveCfg = Debug|Any CPU
		{9F980E04-D5DB-6C91-7756-112A44062187}.Debug|Any CPU.Build.0 = Debug|Any CPU
		{9F980E04-D5DB-6C91-7756-112A44062187}.Release|Any CPU.ActiveCfg = Release|Any CPU
		{9F980E04-D5DB-6C91-7756-112A44062187}.Release|Any CPU.Build.0 = Release|Any CPU
		{A868012A-D918-E3FE-DCA4-22CF6AF779B6}.Debug|Any CPU.ActiveCfg = Debug|Any CPU
		{A868012A-D918-E3FE-DCA4-22CF6AF779B6}.Debug|Any CPU.Build.0 = Debug|Any CPU
		{A868012A-D918-E3FE-DCA4-22CF6AF779B6}.Release|Any CPU.ActiveCfg = Release|Any CPU
		{A868012A-D918-E3FE-DCA4-22CF6AF779B6}.Release|Any CPU.Build.0 = Release|Any CPU
		{1A5FD3B1-E0B8-8B25-2575-BCAF1A50DB84}.Debug|Any CPU.ActiveCfg = Debug|Any CPU
		{1A5FD3B1-E0B8-8B25-2575-BCAF1A50DB84}.Debug|Any CPU.Build.0 = Debug|Any CPU
		{1A5FD3B1-E0B8-8B25-2575-BCAF1A50DB84}.Release|Any CPU.ActiveCfg = Release|Any CPU
		{1A5FD3B1-E0B8-8B25-2575-BCAF1A50DB84}.Release|Any CPU.Build.0 = Release|Any CPU
		{8E14151C-F02F-0C03-1285-96263F776CB0}.Debug|Any CPU.ActiveCfg = Debug|Any CPU
		{8E14151C-F02F-0C03-1285-96263F776CB0}.Debug|Any CPU.Build.0 = Debug|Any CPU
		{8E14151C-F02F-0C03-1285-96263F776CB0}.Release|Any CPU.ActiveCfg = Release|Any CPU
		{8E14151C-F02F-0C03-1285-96263F776CB0}.Release|Any CPU.Build.0 = Release|Any CPU
		{F18F41A8-2271-DCA8-5D86-3DE3FFA72852}.Debug|Any CPU.ActiveCfg = Debug|Any CPU
		{F18F41A8-2271-DCA8-5D86-3DE3FFA72852}.Debug|Any CPU.Build.0 = Debug|Any CPU
		{F18F41A8-2271-DCA8-5D86-3DE3FFA72852}.Release|Any CPU.ActiveCfg = Release|Any CPU
		{F18F41A8-2271-DCA8-5D86-3DE3FFA72852}.Release|Any CPU.Build.0 = Release|Any CPU
		{46295572-6C2D-7816-6EB9-771AC577890B}.Debug|Any CPU.ActiveCfg = Debug|Any CPU
		{46295572-6C2D-7816-6EB9-771AC577890B}.Debug|Any CPU.Build.0 = Debug|Any CPU
		{46295572-6C2D-7816-6EB9-771AC577890B}.Release|Any CPU.ActiveCfg = Release|Any CPU
		{46295572-6C2D-7816-6EB9-771AC577890B}.Release|Any CPU.Build.0 = Release|Any CPU
		{D455FFAF-0922-3948-AEAD-F90706E12A92}.Debug|Any CPU.ActiveCfg = Debug|Any CPU
		{D455FFAF-0922-3948-AEAD-F90706E12A92}.Debug|Any CPU.Build.0 = Debug|Any CPU
		{D455FFAF-0922-3948-AEAD-F90706E12A92}.Release|Any CPU.ActiveCfg = Release|Any CPU
		{D455FFAF-0922-3948-AEAD-F90706E12A92}.Release|Any CPU.Build.0 = Release|Any CPU
		{6D8F6A5A-793B-8225-72EF-C4A9031D385C}.Debug|Any CPU.ActiveCfg = Debug|Any CPU
		{6D8F6A5A-793B-8225-72EF-C4A9031D385C}.Debug|Any CPU.Build.0 = Debug|Any CPU
		{6D8F6A5A-793B-8225-72EF-C4A9031D385C}.Release|Any CPU.ActiveCfg = Release|Any CPU
		{6D8F6A5A-793B-8225-72EF-C4A9031D385C}.Release|Any CPU.Build.0 = Release|Any CPU
		{1D7019D1-6FF4-DEC2-F813-9449B6A9EE4C}.Debug|Any CPU.ActiveCfg = Debug|Any CPU
		{1D7019D1-6FF4-DEC2-F813-9449B6A9EE4C}.Debug|Any CPU.Build.0 = Debug|Any CPU
		{1D7019D1-6FF4-DEC2-F813-9449B6A9EE4C}.Release|Any CPU.ActiveCfg = Release|Any CPU
		{1D7019D1-6FF4-DEC2-F813-9449B6A9EE4C}.Release|Any CPU.Build.0 = Release|Any CPU
	EndGlobalSection
	GlobalSection(SolutionProperties) = preSolution
		HideSolutionNode = FALSE
	EndGlobalSection
EndGlobal
